// !$*UTF8*$!
{
	archiveVersion = 1;
	classes = {
	};
	objectVersion = 56;
	objects = {

/* Begin PBXBuildFile section */
		7BB862D629DA4C2700111F61 /* WalkthroughPageAnimationApp.swift in Sources */ = {isa = PBXBuildFile; fileRef = 7BB862D529DA4C2700111F61 /* WalkthroughPageAnimationApp.swift */; };
		7BB862D829DA4C2700111F61 /* ContentView.swift in Sources */ = {isa = PBXBuildFile; fileRef = 7BB862D729DA4C2700111F61 /* ContentView.swift */; };
		7BB862DD29DA4C3800111F61 /* Preview Assets.xcassets in Resources */ = {isa = PBXBuildFile; fileRef = 7BB862DC29DA4C3800111F61 /* Preview Assets.xcassets */; };
		7BB862E429DA4C7400111F61 /* Assets.xcassets in Resources */ = {isa = PBXBuildFile; fileRef = 7BB862E329DA4C7300111F61 /* Assets.xcassets */; };
		7BB862E829DA4CDB00111F61 /* PageIntro.swift in Sources */ = {isa = PBXBuildFile; fileRef = 7BB862E729DA4CDA00111F61 /* PageIntro.swift */; };
		7BB862EA29DA4D5200111F61 /* Home.swift in Sources */ = {isa = PBXBuildFile; fileRef = 7BB862E929DA4D5200111F61 /* Home.swift */; };
		7BB862EC29DA547F00111F61 /* CustomIndicatorView.swift in Sources */ = {isa = PBXBuildFile; fileRef = 7BB862EB29DA547F00111F61 /* CustomIndicatorView.swift */; };
/* End PBXBuildFile section */

/* Begin PBXFileReference section */
		7BB862D229DA4C2700111F61 /* WalkthroughPageAnimation.app */ = {isa = PBXFileReference; explicitFileType = wrapper.application; includeInIndex = 0; path = WalkthroughPageAnimation.app; sourceTree = BUILT_PRODUCTS_DIR; };
		7BB862D529DA4C2700111F61 /* WalkthroughPageAnimationApp.swift */ = {isa = PBXFileReference; lastKnownFileType = sourcecode.swift; path = WalkthroughPageAnimationApp.swift; sourceTree = "<group>"; };
		7BB862D729DA4C2700111F61 /* ContentView.swift */ = {isa = PBXFileReference; lastKnownFileType = sourcecode.swift; path = ContentView.swift; sourceTree = "<group>"; };
		7BB862DC29DA4C3800111F61 /* Preview Assets.xcassets */ = {isa = PBXFileReference; lastKnownFileType = folder.assetcatalog; path = "Preview Assets.xcassets"; sourceTree = "<group>"; };
		7BB862E329DA4C7300111F61 /* Assets.xcassets */ = {isa = PBXFileReference; lastKnownFileType = folder.assetcatalog; path = Assets.xcassets; sourceTree = "<group>"; };
		7BB862E729DA4CDA00111F61 /* PageIntro.swift */ = {isa = PBXFileReference; lastKnownFileType = sourcecode.swift; path = PageIntro.swift; sourceTree = "<group>"; };
		7BB862E929DA4D5200111F61 /* Home.swift */ = {isa = PBXFileReference; lastKnownFileType = sourcecode.swift; path = Home.swift; sourceTree = "<group>"; };
		7BB862EB29DA547F00111F61 /* CustomIndicatorView.swift */ = {isa = PBXFileReference; lastKnownFileType = sourcecode.swift; path = CustomIndicatorView.swift; sourceTree = "<group>"; };
/* End PBXFileReference section */

/* Begin PBXFrameworksBuildPhase section */
		7BB862CF29DA4C2700111F61 /* Frameworks */ = {
			isa = PBXFrameworksBuildPhase;
			buildActionMask = 2147483647;
			files = (
			);
			runOnlyForDeploymentPostprocessing = 0;
		};
/* End PBXFrameworksBuildPhase section */

/* Begin PBXGroup section */
		7BB862C929DA4C2600111F61 = {
			isa = PBXGroup;
			children = (
				7BB862D429DA4C2700111F61 /* WalkthroughPageAnimation */,
				7BB862D329DA4C2700111F61 /* Products */,
			);
			sourceTree = "<group>";
		};
		7BB862D329DA4C2700111F61 /* Products */ = {
			isa = PBXGroup;
			children = (
				7BB862D229DA4C2700111F61 /* WalkthroughPageAnimation.app */,
			);
			name = Products;
			sourceTree = "<group>";
		};
		7BB862D429DA4C2700111F61 /* WalkthroughPageAnimation */ = {
			isa = PBXGroup;
			children = (
				7BB862E629DA4C9B00111F61 /* View */,
				7BB862E529DA4C8900111F61 /* Model */,
				7BB862D529DA4C2700111F61 /* WalkthroughPageAnimationApp.swift */,
				7BB862D729DA4C2700111F61 /* ContentView.swift */,
				7BB862E329DA4C7300111F61 /* Assets.xcassets */,
				7BB862DB29DA4C3800111F61 /* Preview Content */,
			);
			path = WalkthroughPageAnimation;
			sourceTree = "<group>";
		};
		7BB862DB29DA4C3800111F61 /* Preview Content */ = {
			isa = PBXGroup;
			children = (
				7BB862DC29DA4C3800111F61 /* Preview Assets.xcassets */,
			);
			path = "Preview Content";
			sourceTree = "<group>";
		};
		7BB862E529DA4C8900111F61 /* Model */ = {
			isa = PBXGroup;
			children = (
				7BB862E729DA4CDA00111F61 /* PageIntro.swift */,
			);
			path = Model;
			sourceTree = "<group>";
		};
		7BB862E629DA4C9B00111F61 /* View */ = {
			isa = PBXGroup;
			children = (
				7BB862E929DA4D5200111F61 /* Home.swift */,
				7BB862EB29DA547F00111F61 /* CustomIndicatorView.swift */,
			);
			path = View;
			sourceTree = "<group>";
		};
/* End PBXGroup section */

/* Begin PBXNativeTarget section */
		7BB862D129DA4C2700111F61 /* WalkthroughPageAnimation */ = {
			isa = PBXNativeTarget;
			buildConfigurationList = 7BB862E029DA4C3800111F61 /* Build configuration list for PBXNativeTarget "WalkthroughPageAnimation" */;
			buildPhases = (
				7BB862CE29DA4C2700111F61 /* Sources */,
				7BB862CF29DA4C2700111F61 /* Frameworks */,
				7BB862D029DA4C2700111F61 /* Resources */,
			);
			buildRules = (
			);
			dependencies = (
			);
			name = WalkthroughPageAnimation;
			productName = WalkthroughPageAnimation;
			productReference = 7BB862D229DA4C2700111F61 /* WalkthroughPageAnimation.app */;
			productType = "com.apple.product-type.application";
		};
/* End PBXNativeTarget section */

/* Begin PBXProject section */
		7BB862CA29DA4C2700111F61 /* Project object */ = {
			isa = PBXProject;
			attributes = {
				BuildIndependentTargetsInParallel = 1;
				LastSwiftUpdateCheck = 1420;
				LastUpgradeCheck = 1420;
				TargetAttributes = {
					7BB862D129DA4C2700111F61 = {
						CreatedOnToolsVersion = 14.2;
					};
				};
			};
			buildConfigurationList = 7BB862CD29DA4C2700111F61 /* Build configuration list for PBXProject "WalkthroughPageAnimation" */;
			compatibilityVersion = "Xcode 14.0";
			developmentRegion = en;
			hasScannedForEncodings = 0;
			knownRegions = (
				en,
				Base,
			);
			mainGroup = 7BB862C929DA4C2600111F61;
			productRefGroup = 7BB862D329DA4C2700111F61 /* Products */;
			projectDirPath = "";
			projectRoot = "";
			targets = (
				7BB862D129DA4C2700111F61 /* WalkthroughPageAnimation */,
			);
		};
/* End PBXProject section */

/* Begin PBXResourcesBuildPhase section */
		7BB862D029DA4C2700111F61 /* Resources */ = {
			isa = PBXResourcesBuildPhase;
			buildActionMask = 2147483647;
			files = (
				7BB862E429DA4C7400111F61 /* Assets.xcassets in Resources */,
				7BB862DD29DA4C3800111F61 /* Preview Assets.xcassets in Resources */,
			);
			runOnlyForDeploymentPostprocessing = 0;
		};
/* End PBXResourcesBuildPhase section */

/* Begin PBXSourcesBuildPhase section */
		7BB862CE29DA4C2700111F61 /* Sources */ = {
			isa = PBXSourcesBuildPhase;
			buildActionMask = 2147483647;
			files = (
				7BB862D829DA4C2700111F61 /* ContentView.swift in Sources */,
				7BB862D629DA4C2700111F61 /* WalkthroughPageAnimationApp.swift in Sources */,
				7BB862EC29DA547F00111F61 /* CustomIndicatorView.swift in Sources */,
				7BB862EA29DA4D5200111F61 /* Home.swift in Sources */,
				7BB862E829DA4CDB00111F61 /* PageIntro.swift in Sources */,
			);
			runOnlyForDeploymentPostprocessing = 0;
		};
/* End PBXSourcesBuildPhase section */

/* Begin XCBuildConfiguration section */
		7BB862DE29DA4C3800111F61 /* Debug */ = {
			isa = XCBuildConfiguration;
			buildSettings = {
				ALWAYS_SEARCH_USER_PATHS = NO;
				CLANG_ANALYZER_NONNULL = YES;
				CLANG_ANALYZER_NUMBER_OBJECT_CONVERSION = YES_AGGRESSIVE;
				CLANG_CXX_LANGUAGE_STANDARD = "gnu++20";
				CLANG_ENABLE_MODULES = YES;
				CLANG_ENABLE_OBJC_ARC = YES;
				CLANG_ENABLE_OBJC_WEAK = YES;
				CLANG_WARN_BLOCK_CAPTURE_AUTORELEASING = YES;
				CLANG_WARN_BOOL_CONVERSION = YES;
				CLANG_WARN_COMMA = YES;
				CLANG_WARN_CONSTANT_CONVERSION = YES;
				CLANG_WARN_DEPRECATED_OBJC_IMPLEMENTATIONS = YES;
				CLANG_WARN_DIRECT_OBJC_ISA_USAGE = YES_ERROR;
				CLANG_WARN_DOCUMENTATION_COMMENTS = YES;
				CLANG_WARN_EMPTY_BODY = YES;
				CLANG_WARN_ENUM_CONVERSION = YES;
				CLANG_WARN_INFINITE_RECURSION = YES;
				CLANG_WARN_INT_CONVERSION = YES;
				CLANG_WARN_NON_LITERAL_NULL_CONVERSION = YES;
				CLANG_WARN_OBJC_IMPLICIT_RETAIN_SELF = YES;
				CLANG_WARN_OBJC_LITERAL_CONVERSION = YES;
				CLANG_WARN_OBJC_ROOT_CLASS = YES_ERROR;
				CLANG_WARN_QUOTED_INCLUDE_IN_FRAMEWORK_HEADER = YES;
				CLANG_WARN_RANGE_LOOP_ANALYSIS = YES;
				CLANG_WARN_STRICT_PROTOTYPES = YES;
				CLANG_WARN_SUSPICIOUS_MOVE = YES;
				CLANG_WARN_UNGUARDED_AVAILABILITY = YES_AGGRESSIVE;
				CLANG_WARN_UNREACHABLE_CODE = YES;
				CLANG_WARN__DUPLICATE_METHOD_MATCH = YES;
				COPY_PHASE_STRIP = NO;
				DEBUG_INFORMATION_FORMAT = dwarf;
				ENABLE_STRICT_OBJC_MSGSEND = YES;
				ENABLE_TESTABILITY = YES;
				GCC_C_LANGUAGE_STANDARD = gnu11;
				GCC_DYNAMIC_NO_PIC = NO;
				GCC_NO_COMMON_BLOCKS = YES;
				GCC_OPTIMIZATION_LEVEL = 0;
				GCC_PREPROCESSOR_DEFINITIONS = (
					"DEBUG=1",
					"$(inherited)",
				);
				GCC_WARN_64_TO_32_BIT_CONVERSION = YES;
				GCC_WARN_ABOUT_RETURN_TYPE = YES_ERROR;
				GCC_WARN_UNDECLARED_SELECTOR = YES;
				GCC_WARN_UNINITIALIZED_AUTOS = YES_AGGRESSIVE;
				GCC_WARN_UNUSED_FUNCTION = YES;
				GCC_WARN_UNUSED_VARIABLE = YES;
				IPHONEOS_DEPLOYMENT_TARGET = 16.2;
				MTL_ENABLE_DEBUG_INFO = INCLUDE_SOURCE;
				MTL_FAST_MATH = YES;
				ONLY_ACTIVE_ARCH = YES;
				SDKROOT = iphoneos;
				SWIFT_ACTIVE_COMPILATION_CONDITIONS = DEBUG;
				SWIFT_OPTIMIZATION_LEVEL = "-Onone";
			};
			name = Debug;
		};
		7BB862DF29DA4C3800111F61 /* Release */ = {
			isa = XCBuildConfiguration;
			buildSettings = {
				ALWAYS_SEARCH_USER_PATHS = NO;
				CLANG_ANALYZER_NONNULL = YES;
				CLANG_ANALYZER_NUMBER_OBJECT_CONVERSION = YES_AGGRESSIVE;
				CLANG_CXX_LANGUAGE_STANDARD = "gnu++20";
				CLANG_ENABLE_MODULES = YES;
				CLANG_ENABLE_OBJC_ARC = YES;
				CLANG_ENABLE_OBJC_WEAK = YES;
				CLANG_WARN_BLOCK_CAPTURE_AUTORELEASING = YES;
				CLANG_WARN_BOOL_CONVERSION = YES;
				CLANG_WARN_COMMA = YES;
				CLANG_WARN_CONSTANT_CONVERSION = YES;
				CLANG_WARN_DEPRECATED_OBJC_IMPLEMENTATIONS = YES;
				CLANG_WARN_DIRECT_OBJC_ISA_USAGE = YES_ERROR;
				CLANG_WARN_DOCUMENTATION_COMMENTS = YES;
				CLANG_WARN_EMPTY_BODY = YES;
				CLANG_WARN_ENUM_CONVERSION = YES;
				CLANG_WARN_INFINITE_RECURSION = YES;
				CLANG_WARN_INT_CONVERSION = YES;
				CLANG_WARN_NON_LITERAL_NULL_CONVERSION = YES;
				CLANG_WARN_OBJC_IMPLICIT_RETAIN_SELF = YES;
				CLANG_WARN_OBJC_LITERAL_CONVERSION = YES;
				CLANG_WARN_OBJC_ROOT_CLASS = YES_ERROR;
				CLANG_WARN_QUOTED_INCLUDE_IN_FRAMEWORK_HEADER = YES;
				CLANG_WARN_RANGE_LOOP_ANALYSIS = YES;
				CLANG_WARN_STRICT_PROTOTYPES = YES;
				CLANG_WARN_SUSPICIOUS_MOVE = YES;
				CLANG_WARN_UNGUARDED_AVAILABILITY = YES_AGGRESSIVE;
				CLANG_WARN_UNREACHABLE_CODE = YES;
				CLANG_WARN__DUPLICATE_METHOD_MATCH = YES;
				COPY_PHASE_STRIP = NO;
				DEBUG_INFORMATION_FORMAT = "dwarf-with-dsym";
				ENABLE_NS_ASSERTIONS = NO;
				ENABLE_STRICT_OBJC_MSGSEND = YES;
				GCC_C_LANGUAGE_STANDARD = gnu11;
				GCC_NO_COMMON_BLOCKS = YES;
				GCC_WARN_64_TO_32_BIT_CONVERSION = YES;
				GCC_WARN_ABOUT_RETURN_TYPE = YES_ERROR;
				GCC_WARN_UNDECLARED_SELECTOR = YES;
				GCC_WARN_UNINITIALIZED_AUTOS = YES_AGGRESSIVE;
				GCC_WARN_UNUSED_FUNCTION = YES;
				GCC_WARN_UNUSED_VARIABLE = YES;
				IPHONEOS_DEPLOYMENT_TARGET = 16.2;
				MTL_ENABLE_DEBUG_INFO = NO;
				MTL_FAST_MATH = YES;
				SDKROOT = iphoneos;
				SWIFT_COMPILATION_MODE = wholemodule;
				SWIFT_OPTIMIZATION_LEVEL = "-O";
				VALIDATE_PRODUCT = YES;
			};
			name = Release;
		};
		7BB862E129DA4C3800111F61 /* Debug */ = {
			isa = XCBuildConfiguration;
			buildSettings = {
				ASSETCATALOG_COMPILER_APPICON_NAME = AppIcon;
				ASSETCATALOG_COMPILER_GLOBAL_ACCENT_COLOR_NAME = AccentColor;
				CODE_SIGN_STYLE = Automatic;
				CURRENT_PROJECT_VERSION = 1;
				DEVELOPMENT_ASSET_PATHS = "\"WalkthroughPageAnimation/Preview Content\"";
				DEVELOPMENT_TEAM = 9F7BXCAFA2;
				ENABLE_PREVIEWS = YES;
				GENERATE_INFOPLIST_FILE = YES;
				INFOPLIST_KEY_UIApplicationSceneManifest_Generation = YES;
				INFOPLIST_KEY_UIApplicationSupportsIndirectInputEvents = YES;
				INFOPLIST_KEY_UILaunchScreen_Generation = YES;
				INFOPLIST_KEY_UISupportedInterfaceOrientations_iPad = "UIInterfaceOrientationPortrait UIInterfaceOrientationPortraitUpsideDown UIInterfaceOrientationLandscapeLeft UIInterfaceOrientationLandscapeRight";
				INFOPLIST_KEY_UISupportedInterfaceOrientations_iPhone = "UIInterfaceOrientationPortrait UIInterfaceOrientationLandscapeLeft UIInterfaceOrientationLandscapeRight";
				LD_RUNPATH_SEARCH_PATHS = (
					"$(inherited)",
					"@executable_path/Frameworks",
				);
				MARKETING_VERSION = 1.0;
				PRODUCT_BUNDLE_IDENTIFIER = com.codewithkyo.WalkthroughPageAnimation;
				PRODUCT_NAME = "$(TARGET_NAME)";
				SWIFT_EMIT_LOC_STRINGS = YES;
				SWIFT_VERSION = 5.0;
				TARGETED_DEVICE_FAMILY = "1,2";
			};
			name = Debug;
		};
		7BB862E229DA4C3800111F61 /* Release */ = {
			isa = XCBuildConfiguration;
			buildSettings = {
				ASSETCATALOG_COMPILER_APPICON_NAME = AppIcon;
				ASSETCATALOG_COMPILER_GLOBAL_ACCENT_COLOR_NAME = AccentColor;
				CODE_SIGN_STYLE = Automatic;
				CURRENT_PROJECT_VERSION = 1;
				DEVELOPMENT_ASSET_PATHS = "\"WalkthroughPageAnimation/Preview Content\"";
				DEVELOPMENT_TEAM = 9F7BXCAFA2;
				ENABLE_PREVIEWS = YES;
				GENERATE_INFOPLIST_FILE = YES;
				INFOPLIST_KEY_UIApplicationSceneManifest_Generation = YES;
				INFOPLIST_KEY_UIApplicationSupportsIndirectInputEvents = YES;
				INFOPLIST_KEY_UILaunchScreen_Generation = YES;
				INFOPLIST_KEY_UISupportedInterfaceOrientations_iPad = "UIInterfaceOrientationPortrait UIInterfaceOrientationPortraitUpsideDown UIInterfaceOrientationLandscapeLeft UIInterfaceOrientationLandscapeRight";
				INFOPLIST_KEY_UISupportedInterfaceOrientations_iPhone = "UIInterfaceOrientationPortrait UIInterfaceOrientationLandscapeLeft UIInterfaceOrientationLandscapeRight";
				LD_RUNPATH_SEARCH_PATHS = (
					"$(inherited)",
					"@executable_path/Frameworks",
				);
				MARKETING_VERSION = 1.0;
				PRODUCT_BUNDLE_IDENTIFIER = com.codewithkyo.WalkthroughPageAnimation;
				PRODUCT_NAME = "$(TARGET_NAME)";
				SWIFT_EMIT_LOC_STRINGS = YES;
				SWIFT_VERSION = 5.0;
				TARGETED_DEVICE_FAMILY = "1,2";
			};
			name = Release;
		};
/* End XCBuildConfiguration section */

/* Begin XCConfigurationList section */
		7BB862CD29DA4C2700111F61 /* Build configuration list for PBXProject "WalkthroughPageAnimation" */ = {
			isa = XCConfigurationList;
			buildConfigurations = (
				7BB862DE29DA4C3800111F61 /* Debug */,
				7BB862DF29DA4C3800111F61 /* Release */,
			);
			defaultConfigurationIsVisible = 0;
			defaultConfigurationName = Release;
		};
		7BB862E029DA4C3800111F61 /* Build configuration list for PBXNativeTarget "WalkthroughPageAnimation" */ = {
			isa = XCConfigurationList;
			buildConfigurations = (
				7BB862E129DA4C3800111F61 /* Debug */,
				7BB862E229DA4C3800111F61 /* Release */,
			);
			defaultConfigurationIsVisible = 0;
			defaultConfigurationName = Release;
		};
/* End XCConfigurationList section */
	};
	rootObject = 7BB862CA29DA4C2700111F61 /* Project object */;
}
